
Microsoft Visual Studio Solution File, Format Version 12.00
# Visual Studio Version 16
VisualStudioVersion = 16.0.31911.196
MinimumVisualStudioVersion = 10.0.40219.1
Project("{9A19103F-16F7-4668-BE54-9A1E7A4F7556}") = "RulesEngine.Core", "RulesEngine.Core\RulesEngine.Core.csproj", "{A0F11780-2965-424C-BC26-5EA9DF528EB0}"
EndProject
Project("{9A19103F-16F7-4668-BE54-9A1E7A4F7556}") = "RulesEngine.UnitTest", "RulesEngine.UnitTest\RulesEngine.UnitTest.csproj", "{AABF56D1-321B-4949-B3F4-F1ABE6B45236}"
EndProject
Project("{9A19103F-16F7-4668-BE54-9A1E7A4F7556}") = "RulesEngine.Infrastructure", "RulesEngine.Infrastructure\RulesEngine.Infrastructure.csproj", "{529D5FB3-74F8-432C-8143-C1668D83AE03}"
EndProject
Project("{9A19103F-16F7-4668-BE54-9A1E7A4F7556}") = "RulesEngine.IntegrationTest", "RulesEngine.IntegrationTest\RulesEngine.IntegrationTest.csproj", "{0DB0E793-8D38-4366-B969-18215C3BF745}"
EndProject
Project("{FAE04EC0-301F-11D3-BF4B-00C04F79EFBC}") = "RulesEngine.API", "RulesEngine\RulesEngine.API.csproj", "{92428403-BE86-41F4-BA6D-25E083288E3E}"
EndProject
Global
	GlobalSection(SolutionConfigurationPlatforms) = preSolution
		Debug|Any CPU = Debug|Any CPU
		Release|Any CPU = Release|Any CPU
	EndGlobalSection
	GlobalSection(ProjectConfigurationPlatforms) = postSolution
		{A0F11780-2965-424C-BC26-5EA9DF528EB0}.Debug|Any CPU.ActiveCfg = Debug|Any CPU
		{A0F11780-2965-424C-BC26-5EA9DF528EB0}.Debug|Any CPU.Build.0 = Debug|Any CPU
		{A0F11780-2965-424C-BC26-5EA9DF528EB0}.Release|Any CPU.ActiveCfg = Release|Any CPU
		{A0F11780-2965-424C-BC26-5EA9DF528EB0}.Release|Any CPU.Build.0 = Release|Any CPU
		{AABF56D1-321B-4949-B3F4-F1ABE6B45236}.Debug|Any CPU.ActiveCfg = Debug|Any CPU
		{AABF56D1-321B-4949-B3F4-F1ABE6B45236}.Debug|Any CPU.Build.0 = Debug|Any CPU
		{AABF56D1-321B-4949-B3F4-F1ABE6B45236}.Release|Any CPU.ActiveCfg = Release|Any CPU
		{AABF56D1-321B-4949-B3F4-F1ABE6B45236}.Release|Any CPU.Build.0 = Release|Any CPU
		{529D5FB3-74F8-432C-8143-C1668D83AE03}.Debug|Any CPU.ActiveCfg = Debug|Any CPU
		{529D5FB3-74F8-432C-8143-C1668D83AE03}.Debug|Any CPU.Build.0 = Debug|Any CPU
		{529D5FB3-74F8-432C-8143-C1668D83AE03}.Release|Any CPU.ActiveCfg = Release|Any CPU
		{529D5FB3-74F8-432C-8143-C1668D83AE03}.Release|Any CPU.Build.0 = Release|Any CPU
		{0DB0E793-8D38-4366-B969-18215C3BF745}.Debug|Any CPU.ActiveCfg = Debug|Any CPU
		{0DB0E793-8D38-4366-B969-18215C3BF745}.Debug|Any CPU.Build.0 = Debug|Any CPU
		{0DB0E793-8D38-4366-B969-18215C3BF745}.Release|Any CPU.ActiveCfg = Release|Any CPU
		{0DB0E793-8D38-4366-B969-18215C3BF745}.Release|Any CPU.Build.0 = Release|Any CPU
		{92428403-BE86-41F4-BA6D-25E083288E3E}.Debug|Any CPU.ActiveCfg = Debug|Any CPU
		{92428403-BE86-41F4-BA6D-25E083288E3E}.Debug|Any CPU.Build.0 = Debug|Any CPU
		{92428403-BE86-41F4-BA6D-25E083288E3E}.Release|Any CPU.ActiveCfg = Release|Any CPU
		{92428403-BE86-41F4-BA6D-25E083288E3E}.Release|Any CPU.Build.0 = Release|Any CPU
	EndGlobalSection
	GlobalSection(SolutionProperties) = preSolution
		HideSolutionNode = FALSE
	EndGlobalSection
	GlobalSection(ExtensibilityGlobals) = postSolution
		SolutionGuid = {CA4631E3-1CCE-42AB-8067-AD1D8CAE615F}
	EndGlobalSection
EndGlobal
